version = 1
revision = 2
requires-python = ">=3.13"

[[package]]
name = "dtsu666-mqtt-gateway"
version = "0.1.0"
source = { virtual = "." }
dependencies = [
    { name = "minimalmodbus" },
    { name = "pymodbus" },
]

[package.metadata]
requires-dist = [
    { name = "minimalmodbus", specifier = "==2.1.1" },
    { name = "pymodbus", specifier = "==2.5.3" },
]

[[package]]
name = "minimalmodbus"
version = "2.1.1"
source = { registry = "https://pypi.org/simple" }
dependencies = [
    { name = "pyserial" },
]
sdist = { url = "https://files.pythonhosted.org/packages/37/fc/8a58f7bcdece751f16a4a9aac780acd1288aa8ac6adbffdd764c88fb71c6/minimalmodbus-2.1.1.tar.gz", hash = "sha256:c3f5a56e107d537e4bb420f7e735841ab2939c8ca6fb528f5fe4124571315b64", size = 102512, upload-time = "2023-07-17T19:51:19.184Z" }
wheels = [
    { url = "https://files.pythonhosted.org/packages/25/7b/b73ba3ec36687341e37a1c9df0ebec3e3b2b0f8d6ae14e109ec5076ebe58/minimalmodbus-2.1.1-py3-none-any.whl", hash = "sha256:75c677e2f3ea901b762f8b2ab7cf8ad84de915bbea275d66e30b724e23887b1a", size = 32335, upload-time = "2023-07-17T19:51:16.707Z" },
]

[[package]]
name = "pymodbus"
version = "2.5.3"
source = { registry = "https://pypi.org/simple" }
dependencies = [
    { name = "pyserial" },
    { name = "six" },
]
sdist = { url = "https://files.pythonhosted.org/packages/fe/a9/f98aadfcb8d0a34326be68a06a72cc60e04139e8f4fd17633972f8af3b4c/pymodbus-2.5.3.tar.gz", hash = "sha256:5ef68c1a109bdb467c830ef003ef2db6494349a5248e4af946fe21c9eefe7e74", size = 165383, upload-time = "2021-10-17T07:17:24.752Z" }
wheels = [
    { url = "https://files.pythonhosted.org/packages/fb/0f/28190d06bbc3b78834d384cb04bb15e5dcdea4f5d370094dbf5debc3af10/pymodbus-2.5.3-py2.py3-none-any.whl", hash = "sha256:6f91403294a73b5a1616a11309f93c0b782115c09379438ef7ebc5bdf86182e9", size = 154549, upload-time = "2021-10-17T07:17:20.313Z" },
]

[[package]]
name = "pyserial"
version = "3.5"
source = { registry = "https://pypi.org/simple" }
sdist = { url = "https://files.pythonhosted.org/packages/1e/7d/ae3f0a63f41e4d2f6cb66a5b57197850f919f59e558159a4dd3a818f5082/pyserial-3.5.tar.gz", hash = "sha256:3c77e014170dfffbd816e6ffc205e9842efb10be9f58ec16d3e8675b4925cddb", size = 159125, upload-time = "2020-11-23T03:59:15.045Z" }
wheels = [
    { url = "https://files.pythonhosted.org/packages/07/bc/587a445451b253b285629263eb51c2d8e9bcea4fc97826266d186f96f558/pyserial-3.5-py2.py3-none-any.whl", hash = "sha256:c4451db6ba391ca6ca299fb3ec7bae67a5c55dde170964c7a14ceefec02f2cf0", size = 90585, upload-time = "2020-11-23T03:59:13.41Z" },
]

[[package]]
name = "six"
version = "1.17.0"
source = { registry = "https://pypi.org/simple" }
sdist = { url = "https://files.pythonhosted.org/packages/94/e7/b2c673351809dca68a0e064b6af791aa332cf192da575fd474ed7d6f16a2/six-1.17.0.tar.gz", hash = "sha256:ff70335d468e7eb6ec65b95b99d3a2836546063f63acc5171de367e834932a81", size = 34031, upload-time = "2024-12-04T17:35:28.174Z" }
wheels = [
    { url = "https://files.pythonhosted.org/packages/b7/ce/149a00dd41f10bc29e5921b496af8b574d8413afcd5e30dfa0ed46c2cc5e/six-1.17.0-py2.py3-none-any.whl", hash = "sha256:4721f391ed90541fddacab5acf947aa0d3dc7d27b2e1e8eda2be8970586c3274", size = 11050, upload-time = "2024-12-04T17:35:26.475Z" },
]
